
Microsoft Visual Studio Solution File, Format Version 12.00
# Visual Studio Version 16
VisualStudioVersion = 16.0.32802.440
MinimumVisualStudioVersion = 10.0.40219.1
Project("{FAE04EC0-301F-11D3-BF4B-00C04F79EFBC}") = "SalesWebMvc", "SalesWebMvc\SalesWebMvc.csproj", "{489C6AA7-A4E2-4918-BE3D-ADF05934955E}"
EndProject
Global
	GlobalSection(SolutionConfigurationPlatforms) = preSolution
		Debug|Any CPU = Debug|Any CPU
		Release|Any CPU = Release|Any CPU
	EndGlobalSection
	GlobalSection(ProjectConfigurationPlatforms) = postSolution
		{489C6AA7-A4E2-4918-BE3D-ADF05934955E}.Debug|Any CPU.ActiveCfg = Debug|Any CPU
		{489C6AA7-A4E2-4918-BE3D-ADF05934955E}.Debug|Any CPU.Build.0 = Debug|Any CPU
		{489C6AA7-A4E2-4918-BE3D-ADF05934955E}.Release|Any CPU.ActiveCfg = Release|Any CPU
		{489C6AA7-A4E2-4918-BE3D-ADF05934955E}.Release|Any CPU.Build.0 = Release|Any CPU
	EndGlobalSection
	GlobalSection(SolutionProperties) = preSolution
		HideSolutionNode = FALSE
	EndGlobalSection
	GlobalSection(ExtensibilityGlobals) = postSolution
		SolutionGuid = {E804B5FA-A34B-4ACF-A16D-8370AEAC7182}
	EndGlobalSection
EndGlobal
